{
  "name": "@pplancq/renovate-config",
  "version": "1.0.0",
  "lockfileVersion": 3,
  "requires": true,
  "packages": {
    "": {
      "name": "@pplancq/renovate-config",
      "version": "1.0.0",
      "license": "MIT",
      "devDependencies": {
        "@pplancq/prettier-config": "^1.2.0",
        "prettier": "^3.3.3"
      }
    },
    "node_modules/@cucumber/gherkin": {
      "version": "27.0.0",
      "resolved": "https://registry.npmjs.org/@cucumber/gherkin/-/gherkin-27.0.0.tgz",
      "integrity": "sha512-j5rCsjqzRiC3iVTier3sa0kzyNbkcAmF7xr7jKnyO7qDeK3Z8Ye1P3KSVpeQRMY+KCDJ3WbTDdyxH0FwfA/fIw==",
      "dev": true,
      "dependencies": {
        "@cucumber/messages": ">=19.1.4 <=22"
      }
    },
    "node_modules/@cucumber/gherkin/node_modules/@cucumber/messages": {
      "version": "22.0.0",
      "resolved": "https://registry.npmjs.org/@cucumber/messages/-/messages-22.0.0.tgz",
      "integrity": "sha512-EuaUtYte9ilkxcKmfqGF9pJsHRUU0jwie5ukuZ/1NPTuHS1LxHPsGEODK17RPRbZHOFhqybNzG2rHAwThxEymg==",
      "dev": true,
      "dependencies": {
        "@types/uuid": "9.0.1",
        "class-transformer": "0.5.1",
        "reflect-metadata": "0.1.13",
        "uuid": "9.0.0"
      }
    },
    "node_modules/@cucumber/gherkin/node_modules/@types/uuid": {
      "version": "9.0.1",
      "resolved": "https://registry.npmjs.org/@types/uuid/-/uuid-9.0.1.tgz",
      "integrity": "sha512-rFT3ak0/2trgvp4yYZo5iKFEPsET7vKydKF+VRCxlQ9bpheehyAJH89dAkaLEq/j/RZXJIqcgsmPJKUP1Z28HA==",
      "dev": true
    },
    "node_modules/@cucumber/gherkin/node_modules/uuid": {
      "version": "9.0.0",
      "resolved": "https://registry.npmjs.org/uuid/-/uuid-9.0.0.tgz",
      "integrity": "sha512-MXcSTerfPa4uqyzStbRoTgt5XIe3x5+42+q1sDuy3R5MDk66URdLMOZe5aPX/SQd+kuYAh0FdP/pO28IkQyTeg==",
      "dev": true,
      "bin": {
        "uuid": "dist/bin/uuid"
      }
    },
    "node_modules/@cucumber/messages": {
      "version": "23.0.0",
      "resolved": "https://registry.npmjs.org/@cucumber/messages/-/messages-23.0.0.tgz",
      "integrity": "sha512-2ZWKNnikNMBnle3P3cgy+fgzhABrY4oBbiWp9wcI8ANdT4LlYRN6jQ6j/9CQGTDGRfkyRtr/5VkYq7q24XCsuA==",
      "dev": true,
      "dependencies": {
        "@types/uuid": "9.0.6",
        "class-transformer": "0.5.1",
        "reflect-metadata": "0.1.13",
        "uuid": "9.0.1"
      }
    },
    "node_modules/@pplancq/prettier-config": {
      "version": "1.2.0",
      "resolved": "https://registry.npmjs.org/@pplancq/prettier-config/-/prettier-config-1.2.0.tgz",
      "integrity": "sha512-AVeFL44dvWg/+RPXpBLYyVhwbTUj5lSR/tjDn6EGQa6OOaKoNus/CHq20hHlqBxuBR+AeveFTu3HfhpZBdX5iA==",
      "dev": true,
      "dependencies": {
        "prettier-plugin-gherkin": "^3.0.0",
        "prettier-plugin-nginx": "^1.0.3",
        "prettier-plugin-properties": "^0.3.0",
        "prettier-plugin-sh": "^0.14.0"
      },
      "bin": {
        "init-prettier-config": "bin/init.js"
      },
      "engines": {
        "node": ">=16.0.0"
      },
      "peerDependencies": {
        "prettier": "^3.1.1"
      }
    },
    "node_modules/@types/uuid": {
      "version": "9.0.6",
      "resolved": "https://registry.npmjs.org/@types/uuid/-/uuid-9.0.6.tgz",
      "integrity": "sha512-BT2Krtx4xaO6iwzwMFUYvWBWkV2pr37zD68Vmp1CDV196MzczBRxuEpD6Pr395HAgebC/co7hOphs53r8V7jew==",
      "dev": true
    },
    "node_modules/class-transformer": {
      "version": "0.5.1",
      "resolved": "https://registry.npmjs.org/class-transformer/-/class-transformer-0.5.1.tgz",
      "integrity": "sha512-SQa1Ws6hUbfC98vKGxZH3KFY0Y1lm5Zm0SY8XX9zbK7FJCyVEac3ATW0RIpwzW+oOfmHE5PMPufDG9hCfoEOMw==",
      "dev": true
    },
    "node_modules/dot-properties": {
      "version": "1.0.1",
      "resolved": "https://registry.npmjs.org/dot-properties/-/dot-properties-1.0.1.tgz",
      "integrity": "sha512-cjIHHKlf2dPINJ5Io3lPocWvWmthXn3ztqyHVzUfufRiCiPECb0oiEqEGbEGaunFZtcMvwgUcxP9CTpLG4KCsA==",
      "dev": true
    },
    "node_modules/mvdan-sh": {
      "version": "0.10.1",
      "resolved": "https://registry.npmjs.org/mvdan-sh/-/mvdan-sh-0.10.1.tgz",
      "integrity": "sha512-kMbrH0EObaKmK3nVRKUIIya1dpASHIEusM13S4V1ViHFuxuNxCo+arxoa6j/dbV22YBGjl7UKJm9QQKJ2Crzhg==",
      "dev": true
    },
    "node_modules/prettier": {
      "version": "3.3.3",
      "resolved": "https://registry.npmjs.org/prettier/-/prettier-3.3.3.tgz",
      "integrity": "sha512-i2tDNA0O5IrMO757lfrdQZCc2jPNDVntV0m/+4whiDfWaTKfMNgR7Qz0NAeGz/nRqF4m5/6CLzbP4/liHt12Ew==",
      "dev": true,
      "bin": {
        "prettier": "bin/prettier.cjs"
      },
      "engines": {
        "node": ">=14"
      },
      "funding": {
        "url": "https://github.com/prettier/prettier?sponsor=1"
      }
    },
    "node_modules/prettier-plugin-gherkin": {
      "version": "3.0.0",
      "resolved": "https://registry.npmjs.org/prettier-plugin-gherkin/-/prettier-plugin-gherkin-3.0.0.tgz",
      "integrity": "sha512-hYu+bVu4AUe1LHb9atRMNDsym7MrfHkbYU/htkX5xjAnr8i1UmMu4amHx4zummC0Hx+W/tVexl87AA5v1+e0lw==",
      "dev": true,
      "dependencies": {
        "@cucumber/gherkin": "^27.0.0",
        "@cucumber/messages": "^23.0.0",
        "prettier": "^3.0.0"
      }
    },
    "node_modules/prettier-plugin-nginx": {
      "version": "1.0.3",
      "resolved": "https://registry.npmjs.org/prettier-plugin-nginx/-/prettier-plugin-nginx-1.0.3.tgz",
      "integrity": "sha512-vV5q85s8XnV6NEgvz1gVLfZhmxAxY03MyOYj2ApBpjFkbs00lRsRkTmqO9L39ADuD18z1RRCcfZ3eVxKhI/nqg==",
      "dev": true
    },
    "node_modules/prettier-plugin-properties": {
      "version": "0.3.0",
      "resolved": "https://registry.npmjs.org/prettier-plugin-properties/-/prettier-plugin-properties-0.3.0.tgz",
      "integrity": "sha512-j2h4NbG6hIaRx0W7CDPUH+yDbzXHmI2urPC1EC8pYrsS5R5AYgAmcSDN0oea+C5mBiN6BK0AkiSKPj0RC17NDQ==",
      "dev": true,
      "dependencies": {
        "dot-properties": "^1.0.0"
      },
      "peerDependencies": {
        "prettier": ">= 2.3.0"
      }
    },
    "node_modules/prettier-plugin-sh": {
      "version": "0.14.0",
      "resolved": "https://registry.npmjs.org/prettier-plugin-sh/-/prettier-plugin-sh-0.14.0.tgz",
      "integrity": "sha512-hfXulj5+zEl/ulrO5kMuuTPKmXvOg0bnLHY1hKFNN/N+/903iZbNp8NyZBTsgI8dtkSgFfAEIQq0IQTyP1ZVFQ==",
      "dev": true,
      "dependencies": {
        "mvdan-sh": "^0.10.1",
        "sh-syntax": "^0.4.1"
      },
      "engines": {
        "node": ">=16.0.0"
      },
      "funding": {
        "url": "https://opencollective.com/unts"
      },
      "peerDependencies": {
        "prettier": "^3.0.3"
      }
    },
    "node_modules/reflect-metadata": {
      "version": "0.1.13",
      "resolved": "https://registry.npmjs.org/reflect-metadata/-/reflect-metadata-0.1.13.tgz",
      "integrity": "sha512-Ts1Y/anZELhSsjMcU605fU9RE4Oi3p5ORujwbIKXfWa+0Zxs510Qrmrce5/Jowq3cHSZSJqBjypxmHarc+vEWg==",
      "dev": true
    },
    "node_modules/sh-syntax": {
      "version": "0.4.2",
      "resolved": "https://registry.npmjs.org/sh-syntax/-/sh-syntax-0.4.2.tgz",
      "integrity": "sha512-/l2UZ5fhGZLVZa16XQM9/Vq/hezGGbdHeVEA01uWjOL1+7Ek/gt6FquW0iKKws4a9AYPYvlz6RyVvjh3JxOteg==",
      "dev": true,
      "dependencies": {
        "tslib": "^2.6.2"
      },
      "engines": {
        "node": ">=16.0.0"
      },
      "funding": {
        "url": "https://opencollective.com/unts"
      }
    },
    "node_modules/tslib": {
      "version": "2.7.0",
      "resolved": "https://registry.npmjs.org/tslib/-/tslib-2.7.0.tgz",
      "integrity": "sha512-gLXCKdN1/j47AiHiOkJN69hJmcbGTHI0ImLmbYLHykhgeN0jVGola9yVjFgzCUklsZQMW55o+dW7IXv3RCXDzA==",
      "dev": true
    },
    "node_modules/uuid": {
      "version": "9.0.1",
      "resolved": "https://registry.npmjs.org/uuid/-/uuid-9.0.1.tgz",
      "integrity": "sha512-b+1eJOlsR9K8HJpow9Ok3fiWOWSIcIzXodvv0rQjVoOVNpWMpxf1wZNpt4y9h10odCNrqnYp1OBzRktckBe3sA==",
      "dev": true,
      "funding": [
        "https://github.com/sponsors/broofa",
        "https://github.com/sponsors/ctavan"
      ],
      "bin": {
        "uuid": "dist/bin/uuid"
      }
    }
  }
}
